
Microsoft Visual Studio Solution File, Format Version 12.00
# Visual Studio 14
VisualStudioVersion = 14.0.25420.1
MinimumVisualStudioVersion = 10.0.40219.1
Project("{8BC9CEB8-8B4A-11D0-8D11-00A0C91BC942}") = "Project1", "Project1\Project1.vcxproj", "{7E8C2921-6C3D-4913-B092-AF04CD92FED4}"
EndProject
Project("{8BC9CEB8-8B4A-11D0-8D11-00A0C91BC942}") = "Project2", "Project2\Project2.vcxproj", "{16EAC6C6-BBE3-4350-BFA5-198C83FC2F8B}"
EndProject
Project("{8BC9CEB8-8B4A-11D0-8D11-00A0C91BC942}") = "Project3", "Project3\Project3.vcxproj", "{C263659C-AA0B-4650-B48C-E3D6D9A2CEF0}"
EndProject
Global
	GlobalSection(SolutionConfigurationPlatforms) = preSolution
		Debug|x64 = Debug|x64
		Debug|x86 = Debug|x86
		Release|x64 = Release|x64
		Release|x86 = Release|x86
	EndGlobalSection
	GlobalSection(ProjectConfigurationPlatforms) = postSolution
		{7E8C2921-6C3D-4913-B092-AF04CD92FED4}.Debug|x64.ActiveCfg = Debug|x64
		{7E8C2921-6C3D-4913-B092-AF04CD92FED4}.Debug|x64.Build.0 = Debug|x64
		{7E8C2921-6C3D-4913-B092-AF04CD92FED4}.Debug|x86.ActiveCfg = Debug|Win32
		{7E8C2921-6C3D-4913-B092-AF04CD92FED4}.Debug|x86.Build.0 = Debug|Win32
		{7E8C2921-6C3D-4913-B092-AF04CD92FED4}.Release|x64.ActiveCfg = Release|x64
		{7E8C2921-6C3D-4913-B092-AF04CD92FED4}.Release|x64.Build.0 = Release|x64
		{7E8C2921-6C3D-4913-B092-AF04CD92FED4}.Release|x86.ActiveCfg = Release|Win32
		{7E8C2921-6C3D-4913-B092-AF04CD92FED4}.Release|x86.Build.0 = Release|Win32
		{16EAC6C6-BBE3-4350-BFA5-198C83FC2F8B}.Debug|x64.ActiveCfg = Debug|x64
		{16EAC6C6-BBE3-4350-BFA5-198C83FC2F8B}.Debug|x64.Build.0 = Debug|x64
		{16EAC6C6-BBE3-4350-BFA5-198C83FC2F8B}.Debug|x86.ActiveCfg = Debug|Win32
		{16EAC6C6-BBE3-4350-BFA5-198C83FC2F8B}.Debug|x86.Build.0 = Debug|Win32
		{16EAC6C6-BBE3-4350-BFA5-198C83FC2F8B}.Release|x64.ActiveCfg = Release|x64
		{16EAC6C6-BBE3-4350-BFA5-198C83FC2F8B}.Release|x64.Build.0 = Release|x64
		{16EAC6C6-BBE3-4350-BFA5-198C83FC2F8B}.Release|x86.ActiveCfg = Release|Win32
		{16EAC6C6-BBE3-4350-BFA5-198C83FC2F8B}.Release|x86.Build.0 = Release|Win32
		{C263659C-AA0B-4650-B48C-E3D6D9A2CEF0}.Debug|x64.ActiveCfg = Debug|x64
		{C263659C-AA0B-4650-B48C-E3D6D9A2CEF0}.Debug|x64.Build.0 = Debug|x64
		{C263659C-AA0B-4650-B48C-E3D6D9A2CEF0}.Debug|x86.ActiveCfg = Debug|Win32
		{C263659C-AA0B-4650-B48C-E3D6D9A2CEF0}.Debug|x86.Build.0 = Debug|Win32
		{C263659C-AA0B-4650-B48C-E3D6D9A2CEF0}.Release|x64.ActiveCfg = Release|x64
		{C263659C-AA0B-4650-B48C-E3D6D9A2CEF0}.Release|x64.Build.0 = Release|x64
		{C263659C-AA0B-4650-B48C-E3D6D9A2CEF0}.Release|x86.ActiveCfg = Release|Win32
		{C263659C-AA0B-4650-B48C-E3D6D9A2CEF0}.Release|x86.Build.0 = Release|Win32
	EndGlobalSection
	GlobalSection(SolutionProperties) = preSolution
		HideSolutionNode = FALSE
	EndGlobalSection
EndGlobal
